
Microsoft Visual Studio Solution File, Format Version 12.00
# Visual Studio Version 17
VisualStudioVersion = 17.13.35931.197 d17.13
MinimumVisualStudioVersion = 10.0.40219.1
Project("{FAE04EC0-301F-11D3-BF4B-00C04F79EFBC}") = "Basket", "Basket\Basket.csproj", "{A7333576-AE50-4C2D-9DB0-692D4EF74ECB}"
EndProject
Project("{FAE04EC0-301F-11D3-BF4B-00C04F79EFBC}") = "BuildingBlocks.Messaging", "..\BuildingBlock\BuildingBlocks.Messaging.csproj", "{135E5BBA-6352-4704-BEFF-7B65B9F076B6}"
EndProject
Global
	GlobalSection(SolutionConfigurationPlatforms) = preSolution
		Debug|Any CPU = Debug|Any CPU
		Release|Any CPU = Release|Any CPU
	EndGlobalSection
	GlobalSection(ProjectConfigurationPlatforms) = postSolution
		{A7333576-AE50-4C2D-9DB0-692D4EF74ECB}.Debug|Any CPU.ActiveCfg = Debug|Any CPU
		{A7333576-AE50-4C2D-9DB0-692D4EF74ECB}.Debug|Any CPU.Build.0 = Debug|Any CPU
		{A7333576-AE50-4C2D-9DB0-692D4EF74ECB}.Release|Any CPU.ActiveCfg = Release|Any CPU
		{A7333576-AE50-4C2D-9DB0-692D4EF74ECB}.Release|Any CPU.Build.0 = Release|Any CPU
		{135E5BBA-6352-4704-BEFF-7B65B9F076B6}.Debug|Any CPU.ActiveCfg = Debug|Any CPU
		{135E5BBA-6352-4704-BEFF-7B65B9F076B6}.Debug|Any CPU.Build.0 = Debug|Any CPU
		{135E5BBA-6352-4704-BEFF-7B65B9F076B6}.Release|Any CPU.ActiveCfg = Release|Any CPU
		{135E5BBA-6352-4704-BEFF-7B65B9F076B6}.Release|Any CPU.Build.0 = Release|Any CPU
	EndGlobalSection
	GlobalSection(SolutionProperties) = preSolution
		HideSolutionNode = FALSE
	EndGlobalSection
	GlobalSection(ExtensibilityGlobals) = postSolution
		SolutionGuid = {467A5319-6817-4646-BA5D-F57ABFD6F68D}
	EndGlobalSection
EndGlobal
